
Microsoft Visual Studio Solution File, Format Version 11.00
# Visual Studio 2010
Project("{8BC9CEB8-8B4A-11D0-8D11-00A0C91BC942}") = "ch13_ogro_invasion", "ch13_ogro_invasion.vcxproj", "{9E70D809-D21E-4BA9-8F63-B6FFAE1FD270}"
EndProject
Global
	GlobalSection(SolutionConfigurationPlatforms) = preSolution
		Debug|Win32 = Debug|Win32
		Release|Win32 = Release|Win32
	EndGlobalSection
	GlobalSection(ProjectConfigurationPlatforms) = postSolution
		{9E70D809-D21E-4BA9-8F63-B6FFAE1FD270}.Debug|Win32.ActiveCfg = Debug|Win32
		{9E70D809-D21E-4BA9-8F63-B6FFAE1FD270}.Debug|Win32.Build.0 = Debug|Win32
		{9E70D809-D21E-4BA9-8F63-B6FFAE1FD270}.Release|Win32.ActiveCfg = Release|Win32
		{9E70D809-D21E-4BA9-8F63-B6FFAE1FD270}.Release|Win32.Build.0 = Release|Win32
	EndGlobalSection
	GlobalSection(SolutionProperties) = preSolution
		HideSolutionNode = FALSE
	EndGlobalSection
EndGlobal
